
Microsoft Visual Studio Solution File, Format Version 12.00
# Visual Studio 15
VisualStudioVersion = 15.0.28010.2003
MinimumVisualStudioVersion = 10.0.40219.1
Project("{FAE04EC0-301F-11D3-BF4B-00C04F79EFBC}") = "Decorator", "Decorator\Decorator.csproj", "{18CC7455-B4D0-48AC-9CE0-D5D4EE954167}"
EndProject
Global
	GlobalSection(SolutionConfigurationPlatforms) = preSolution
		Debug|Any CPU = Debug|Any CPU
		Release|Any CPU = Release|Any CPU
	EndGlobalSection
	GlobalSection(ProjectConfigurationPlatforms) = postSolution
		{18CC7455-B4D0-48AC-9CE0-D5D4EE954167}.Debug|Any CPU.ActiveCfg = Debug|Any CPU
		{18CC7455-B4D0-48AC-9CE0-D5D4EE954167}.Debug|Any CPU.Build.0 = Debug|Any CPU
		{18CC7455-B4D0-48AC-9CE0-D5D4EE954167}.Release|Any CPU.ActiveCfg = Release|Any CPU
		{18CC7455-B4D0-48AC-9CE0-D5D4EE954167}.Release|Any CPU.Build.0 = Release|Any CPU
	EndGlobalSection
	GlobalSection(SolutionProperties) = preSolution
		HideSolutionNode = FALSE
	EndGlobalSection
	GlobalSection(ExtensibilityGlobals) = postSolution
		SolutionGuid = {7F8B07F0-8B32-444C-A6FF-9D8E72E16FC6}
	EndGlobalSection
EndGlobal
